{
  "name": "project3",
  "lockfileVersion": 3,
  "requires": true,
  "packages": {
    "": {
      "dependencies": {
        "leader-line": "^1.0.8"
      }
    },
    "node_modules/leader-line": {
      "version": "1.0.8",
      "resolved": "https://registry.npmjs.org/leader-line/-/leader-line-1.0.8.tgz",
      "integrity": "sha512-3TOYtjjcYJCdtEs+bCuVSj6GvFiAzywtjifeeVcBYVwejHfI8a/NRxU4s6DjXB+H/ccNA/qtZEjrFVw9W97dCQ==",
      "license": "MIT"
    }
  }
}
